
Microsoft Visual Studio Solution File, Format Version 12.00
# Visual Studio Version 17
VisualStudioVersion = 17.14.36414.22 d17.14
MinimumVisualStudioVersion = 10.0.40219.1
Project("{FAE04EC0-301F-11D3-BF4B-00C04F79EFBC}") = "OurLms", "OurLms\OurLms.csproj", "{B37778DD-B5A8-4E49-8FD6-73666D61EA61}"
EndProject
Global
	GlobalSection(SolutionConfigurationPlatforms) = preSolution
		Debug|Any CPU = Debug|Any CPU
		Release|Any CPU = Release|Any CPU
	EndGlobalSection
	GlobalSection(ProjectConfigurationPlatforms) = postSolution
		{B37778DD-B5A8-4E49-8FD6-73666D61EA61}.Debug|Any CPU.ActiveCfg = Debug|Any CPU
		{B37778DD-B5A8-4E49-8FD6-73666D61EA61}.Debug|Any CPU.Build.0 = Debug|Any CPU
		{B37778DD-B5A8-4E49-8FD6-73666D61EA61}.Release|Any CPU.ActiveCfg = Release|Any CPU
		{B37778DD-B5A8-4E49-8FD6-73666D61EA61}.Release|Any CPU.Build.0 = Release|Any CPU
	EndGlobalSection
	GlobalSection(SolutionProperties) = preSolution
		HideSolutionNode = FALSE
	EndGlobalSection
	GlobalSection(ExtensibilityGlobals) = postSolution
		SolutionGuid = {35F42F54-9436-45B7-B7D2-04941EFB9BF6}
	EndGlobalSection
EndGlobal
